// !$*UTF8*$!
{
	archiveVersion = 1;
	classes = {
	};
	objectVersion = 48;
	objects = {

/* Begin PBXBuildFile section */
		AE424FF339BF63EF200112C1 /* Pods_iOS_WB.framework in Frameworks */ = {isa = PBXBuildFile; fileRef = 05C91ECE9364BBA2145B2588 /* Pods_iOS_WB.framework */; };
		B02C635E1F458F2B00533679 /* PopView_ViewController.swift in Sources */ = {isa = PBXBuildFile; fileRef = B0506B4B1F4588D50056B391 /* PopView_ViewController.swift */; };
		B02C635F1F458F2B00533679 /* STPresentationController.swift in Sources */ = {isa = PBXBuildFile; fileRef = B0506B4C1F4588D50056B391 /* STPresentationController.swift */; };
		B02C63601F458F2B00533679 /* STPresentManager.swift in Sources */ = {isa = PBXBuildFile; fileRef = B0506B4D1F4588D50056B391 /* STPresentManager.swift */; };
		B02C63611F458F3300533679 /* PopView.storyboard in Resources */ = {isa = PBXBuildFile; fileRef = B0506B4A1F4588D50056B391 /* PopView.storyboard */; };
		B02CD5B41F13D1C400EE9BA1 /* AppDelegate.swift in Sources */ = {isa = PBXBuildFile; fileRef = B02CD5B31F13D1C400EE9BA1 /* AppDelegate.swift */; };
		B02CD5BB1F13D1C400EE9BA1 /* Assets.xcassets in Resources */ = {isa = PBXBuildFile; fileRef = B02CD5BA1F13D1C400EE9BA1 /* Assets.xcassets */; };
		B02CD5C91F13D1C400EE9BA1 /* iOS_WBTests.swift in Sources */ = {isa = PBXBuildFile; fileRef = B02CD5C81F13D1C400EE9BA1 /* iOS_WBTests.swift */; };
		B02CD5D41F13D1C400EE9BA1 /* iOS_WBUITests.swift in Sources */ = {isa = PBXBuildFile; fileRef = B02CD5D31F13D1C400EE9BA1 /* iOS_WBUITests.swift */; };
		B02CD5EA1F13E04B00EE9BA1 /* MainTabBarViewController.swift in Sources */ = {isa = PBXBuildFile; fileRef = B02CD5E91F13E04B00EE9BA1 /* MainTabBarViewController.swift */; };
		B02CD5EC1F13E06900EE9BA1 /* HomeTableViewController.swift in Sources */ = {isa = PBXBuildFile; fileRef = B02CD5EB1F13E06900EE9BA1 /* HomeTableViewController.swift */; };
		B02CD5EE1F13E07B00EE9BA1 /* MessageTableViewController.swift in Sources */ = {isa = PBXBuildFile; fileRef = B02CD5ED1F13E07B00EE9BA1 /* MessageTableViewController.swift */; };
		B02CD5F01F13E08900EE9BA1 /* ProfileTableViewController.swift in Sources */ = {isa = PBXBuildFile; fileRef = B02CD5EF1F13E08900EE9BA1 /* ProfileTableViewController.swift */; };
		B02CD5F21F13E0A600EE9BA1 /* DiscorverTableViewController.swift in Sources */ = {isa = PBXBuildFile; fileRef = B02CD5F11F13E0A600EE9BA1 /* DiscorverTableViewController.swift */; };
		B03CB5951F3D7D5B006BE735 /* AnyExtensions.swift in Sources */ = {isa = PBXBuildFile; fileRef = B03CB5761F3D7D5B006BE735 /* AnyExtensions.swift */; };
		B03CB5961F3D7D5B006BE735 /* Configuration.swift in Sources */ = {isa = PBXBuildFile; fileRef = B03CB5771F3D7D5B006BE735 /* Configuration.swift */; };
		B03CB5971F3D7D5B006BE735 /* CustomDateFormatTransform.swift in Sources */ = {isa = PBXBuildFile; fileRef = B03CB5781F3D7D5B006BE735 /* CustomDateFormatTransform.swift */; };
		B03CB5981F3D7D5B006BE735 /* DataTransform.swift in Sources */ = {isa = PBXBuildFile; fileRef = B03CB5791F3D7D5B006BE735 /* DataTransform.swift */; };
		B03CB5991F3D7D5B006BE735 /* DateFormatterTransform.swift in Sources */ = {isa = PBXBuildFile; fileRef = B03CB57A1F3D7D5B006BE735 /* DateFormatterTransform.swift */; };
		B03CB59A1F3D7D5B006BE735 /* DateTransform.swift in Sources */ = {isa = PBXBuildFile; fileRef = B03CB57B1F3D7D5B006BE735 /* DateTransform.swift */; };
		B03CB59B1F3D7D5B006BE735 /* Deserializer.swift in Sources */ = {isa = PBXBuildFile; fileRef = B03CB57C1F3D7D5B006BE735 /* Deserializer.swift */; };
		B03CB59C1F3D7D5B006BE735 /* EnumTransform.swift in Sources */ = {isa = PBXBuildFile; fileRef = B03CB57D1F3D7D5B006BE735 /* EnumTransform.swift */; };
		B03CB59D1F3D7D5B006BE735 /* HelpingMapper.swift in Sources */ = {isa = PBXBuildFile; fileRef = B03CB57F1F3D7D5B006BE735 /* HelpingMapper.swift */; };
		B03CB59E1F3D7D5B006BE735 /* HexColorTransform.swift in Sources */ = {isa = PBXBuildFile; fileRef = B03CB5801F3D7D5B006BE735 /* HexColorTransform.swift */; };
		B03CB5A31F3D7D5B006BE735 /* ISO8601DateTransform.swift in Sources */ = {isa = PBXBuildFile; fileRef = B03CB5851F3D7D5B006BE735 /* ISO8601DateTransform.swift */; };
		B03CB5A41F3D7D5B006BE735 /* LICENSE in Resources */ = {isa = PBXBuildFile; fileRef = B03CB5861F3D7D5B006BE735 /* LICENSE */; };
		B03CB5A51F3D7D5B006BE735 /* Logger.swift in Sources */ = {isa = PBXBuildFile; fileRef = B03CB5871F3D7D5B006BE735 /* Logger.swift */; };
		B03CB5A61F3D7D5B006BE735 /* Metadata.swift in Sources */ = {isa = PBXBuildFile; fileRef = B03CB5881F3D7D5B006BE735 /* Metadata.swift */; };
		B03CB5A71F3D7D5B006BE735 /* NominalType.swift in Sources */ = {isa = PBXBuildFile; fileRef = B03CB5891F3D7D5B006BE735 /* NominalType.swift */; };
		B03CB5A81F3D7D5B006BE735 /* NSDecimalNumberTransform.swift in Sources */ = {isa = PBXBuildFile; fileRef = B03CB58A1F3D7D5B006BE735 /* NSDecimalNumberTransform.swift */; };
		B03CB5A91F3D7D5B006BE735 /* OtherExtension.swift in Sources */ = {isa = PBXBuildFile; fileRef = B03CB58B1F3D7D5B006BE735 /* OtherExtension.swift */; };
		B03CB5AA1F3D7D5B006BE735 /* PointerType.swift in Sources */ = {isa = PBXBuildFile; fileRef = B03CB58C1F3D7D5B006BE735 /* PointerType.swift */; };
		B03CB5AB1F3D7D5B006BE735 /* Properties.swift in Sources */ = {isa = PBXBuildFile; fileRef = B03CB58D1F3D7D5B006BE735 /* Properties.swift */; };
		B03CB5AC1F3D7D5B006BE735 /* Protocol.swift in Sources */ = {isa = PBXBuildFile; fileRef = B03CB58E1F3D7D5B006BE735 /* Protocol.swift */; };
		B03CB5AD1F3D7D5B006BE735 /* ReflectionHelper.swift in Sources */ = {isa = PBXBuildFile; fileRef = B03CB58F1F3D7D5B006BE735 /* ReflectionHelper.swift */; };
		B03CB5AE1F3D7D5B006BE735 /* Serializer+Legacy.swift in Sources */ = {isa = PBXBuildFile; fileRef = B03CB5901F3D7D5B006BE735 /* Serializer+Legacy.swift */; };
		B03CB5AF1F3D7D5B006BE735 /* Serializer.swift in Sources */ = {isa = PBXBuildFile; fileRef = B03CB5911F3D7D5B006BE735 /* Serializer.swift */; };
		B03CB5B01F3D7D5B006BE735 /* TransformOf.swift in Sources */ = {isa = PBXBuildFile; fileRef = B03CB5921F3D7D5B006BE735 /* TransformOf.swift */; };
		B03CB5B11F3D7D5B006BE735 /* TransformType.swift in Sources */ = {isa = PBXBuildFile; fileRef = B03CB5931F3D7D5B006BE735 /* TransformType.swift */; };
		B03CB5B21F3D7D5B006BE735 /* URLTransform.swift in Sources */ = {isa = PBXBuildFile; fileRef = B03CB5941F3D7D5B006BE735 /* URLTransform.swift */; };
		B0506B501F45890B0056B391 /* WB_Status.swift in Sources */ = {isa = PBXBuildFile; fileRef = B0506B4F1F45890B0056B391 /* WB_Status.swift */; };
		B06FF0FF1F2A4146007D4198 /* UIBarButtonItem+Exten.swift in Sources */ = {isa = PBXBuildFile; fileRef = B06FF0FE1F2A4146007D4198 /* UIBarButtonItem+Exten.swift */; };
		B06FF1011F2A4720007D4198 /* Title_Button.swift in Sources */ = {isa = PBXBuildFile; fileRef = B06FF1001F2A4720007D4198 /* Title_Button.swift */; };
		B06FF1031F2A52D4007D4198 /* TableViewController+NavigationBar.swift in Sources */ = {isa = PBXBuildFile; fileRef = B06FF1021F2A52D4007D4198 /* TableViewController+NavigationBar.swift */; };
		B09117481F46CBB6009D895C /* NSDate+Extension.swift in Sources */ = {isa = PBXBuildFile; fileRef = B09117471F46CBB6009D895C /* NSDate+Extension.swift */; };
		B0AE0BC71F3D4A5E00650DB7 /* WB_Common.swift in Sources */ = {isa = PBXBuildFile; fileRef = B0AE0BC61F3D4A5E00650DB7 /* WB_Common.swift */; };
		B0AE0BC91F3D4AFA00650DB7 /* Ouath.storyboard in Resources */ = {isa = PBXBuildFile; fileRef = B0AE0BC81F3D4AFA00650DB7 /* Ouath.storyboard */; };
		B0AE0BCB1F3D4B3400650DB7 /* WB_OuathViewController.swift in Sources */ = {isa = PBXBuildFile; fileRef = B0AE0BCA1F3D4B3400650DB7 /* WB_OuathViewController.swift */; };
		B0AE0BCD1F3D536200650DB7 /* WB_NetWorkTools.swift in Sources */ = {isa = PBXBuildFile; fileRef = B0AE0BCC1F3D536200650DB7 /* WB_NetWorkTools.swift */; };
		B0AE0BCF1F3D57CA00650DB7 /* UserAccount.swift in Sources */ = {isa = PBXBuildFile; fileRef = B0AE0BCE1F3D57CA00650DB7 /* UserAccount.swift */; };
		B0CCF6151F28E8C7002A9515 /* UIButton+Extern.swift in Sources */ = {isa = PBXBuildFile; fileRef = B0CCF6141F28E8C7002A9515 /* UIButton+Extern.swift */; };
		B0CCF6171F28ED9B002A9515 /* Main.storyboard in Resources */ = {isa = PBXBuildFile; fileRef = B0CCF6161F28ED9A002A9515 /* Main.storyboard */; };
		B0CCF6191F28F012002A9515 /* home.storyboard in Resources */ = {isa = PBXBuildFile; fileRef = B0CCF6181F28F012002A9515 /* home.storyboard */; };
		B0CCF61B1F28F045002A9515 /* Messager.storyboard in Resources */ = {isa = PBXBuildFile; fileRef = B0CCF61A1F28F045002A9515 /* Messager.storyboard */; };
		B0CCF61D1F28F15E002A9515 /* Discorver.storyboard in Resources */ = {isa = PBXBuildFile; fileRef = B0CCF61C1F28F15E002A9515 /* Discorver.storyboard */; };
		B0CCF61F1F28F171002A9515 /* Profile.storyboard in Resources */ = {isa = PBXBuildFile; fileRef = B0CCF61E1F28F171002A9515 /* Profile.storyboard */; };
		B0CCF6211F28F186002A9515 /* Null.storyboard in Resources */ = {isa = PBXBuildFile; fileRef = B0CCF6201F28F186002A9515 /* Null.storyboard */; };
		B0CCF6241F28F3CF002A9515 /* Base_TableViewController.swift in Sources */ = {isa = PBXBuildFile; fileRef = B0CCF6231F28F3CF002A9515 /* Base_TableViewController.swift */; };
		B0CCF6271F28F721002A9515 /* VisiterView.swift in Sources */ = {isa = PBXBuildFile; fileRef = B0CCF6261F28F721002A9515 /* VisiterView.swift */; };
		B0CCF6291F28F739002A9515 /* VisiterView.xib in Resources */ = {isa = PBXBuildFile; fileRef = B0CCF6281F28F739002A9515 /* VisiterView.xib */; };
		B0DDCC121F468E7900B29B8C /* Home_StatusCell.swift in Sources */ = {isa = PBXBuildFile; fileRef = B0DDCC111F468E7900B29B8C /* Home_StatusCell.swift */; };
		B0DE3BC11F453FED00AEB3D7 /* String+Extern.swift in Sources */ = {isa = PBXBuildFile; fileRef = B0DE3BC01F453FED00AEB3D7 /* String+Extern.swift */; };
		B0EF01CE1F167F3E006BBF24 /* MainVCSettings.json in Resources */ = {isa = PBXBuildFile; fileRef = B0EF01CC1F167F3E006BBF24 /* MainVCSettings.json */; };
		B0EF01CF1F167F3E006BBF24 /* NullViewController.swift in Sources */ = {isa = PBXBuildFile; fileRef = B0EF01CD1F167F3E006BBF24 /* NullViewController.swift */; };
/* End PBXBuildFile section */

/* Begin PBXContainerItemProxy section */
		B02CD5C51F13D1C400EE9BA1 /* PBXContainerItemProxy */ = {
			isa = PBXContainerItemProxy;
			containerPortal = B02CD5A81F13D1C400EE9BA1 /* Project object */;
			proxyType = 1;
			remoteGlobalIDString = B02CD5AF1F13D1C400EE9BA1;
			remoteInfo = iOS_WB;
		};
		B02CD5D01F13D1C400EE9BA1 /* PBXContainerItemProxy */ = {
			isa = PBXContainerItemProxy;
			containerPortal = B02CD5A81F13D1C400EE9BA1 /* Project object */;
			proxyType = 1;
			remoteGlobalIDString = B02CD5AF1F13D1C400EE9BA1;
			remoteInfo = iOS_WB;
		};
/* End PBXContainerItemProxy section */

/* Begin PBXFileReference section */
		05C91ECE9364BBA2145B2588 /* Pods_iOS_WB.framework */ = {isa = PBXFileReference; explicitFileType = wrapper.framework; includeInIndex = 0; path = Pods_iOS_WB.framework; sourceTree = BUILT_PRODUCTS_DIR; };
		B02CD5B01F13D1C400EE9BA1 /* iOS_WB.app */ = {isa = PBXFileReference; explicitFileType = wrapper.application; includeInIndex = 0; path = iOS_WB.app; sourceTree = BUILT_PRODUCTS_DIR; };
		B02CD5B31F13D1C400EE9BA1 /* AppDelegate.swift */ = {isa = PBXFileReference; lastKnownFileType = sourcecode.swift; path = AppDelegate.swift; sourceTree = "<group>"; };
		B02CD5BA1F13D1C400EE9BA1 /* Assets.xcassets */ = {isa = PBXFileReference; lastKnownFileType = folder.assetcatalog; path = Assets.xcassets; sourceTree = "<group>"; };
		B02CD5BF1F13D1C400EE9BA1 /* Info.plist */ = {isa = PBXFileReference; lastKnownFileType = text.plist.xml; path = Info.plist; sourceTree = "<group>"; };
		B02CD5C41F13D1C400EE9BA1 /* iOS_WBTests.xctest */ = {isa = PBXFileReference; explicitFileType = wrapper.cfbundle; includeInIndex = 0; path = iOS_WBTests.xctest; sourceTree = BUILT_PRODUCTS_DIR; };
		B02CD5C81F13D1C400EE9BA1 /* iOS_WBTests.swift */ = {isa = PBXFileReference; lastKnownFileType = sourcecode.swift; path = iOS_WBTests.swift; sourceTree = "<group>"; };
		B02CD5CA1F13D1C400EE9BA1 /* Info.plist */ = {isa = PBXFileReference; lastKnownFileType = text.plist.xml; path = Info.plist; sourceTree = "<group>"; };
		B02CD5CF1F13D1C400EE9BA1 /* iOS_WBUITests.xctest */ = {isa = PBXFileReference; explicitFileType = wrapper.cfbundle; includeInIndex = 0; path = iOS_WBUITests.xctest; sourceTree = BUILT_PRODUCTS_DIR; };
		B02CD5D31F13D1C400EE9BA1 /* iOS_WBUITests.swift */ = {isa = PBXFileReference; lastKnownFileType = sourcecode.swift; path = iOS_WBUITests.swift; sourceTree = "<group>"; };
		B02CD5D51F13D1C400EE9BA1 /* Info.plist */ = {isa = PBXFileReference; lastKnownFileType = text.plist.xml; path = Info.plist; sourceTree = "<group>"; };
		B02CD5E91F13E04B00EE9BA1 /* MainTabBarViewController.swift */ = {isa = PBXFileReference; lastKnownFileType = sourcecode.swift; path = MainTabBarViewController.swift; sourceTree = "<group>"; };
		B02CD5EB1F13E06900EE9BA1 /* HomeTableViewController.swift */ = {isa = PBXFileReference; lastKnownFileType = sourcecode.swift; path = HomeTableViewController.swift; sourceTree = "<group>"; };
		B02CD5ED1F13E07B00EE9BA1 /* MessageTableViewController.swift */ = {isa = PBXFileReference; lastKnownFileType = sourcecode.swift; path = MessageTableViewController.swift; sourceTree = "<group>"; };
		B02CD5EF1F13E08900EE9BA1 /* ProfileTableViewController.swift */ = {isa = PBXFileReference; lastKnownFileType = sourcecode.swift; path = ProfileTableViewController.swift; sourceTree = "<group>"; };
		B02CD5F11F13E0A600EE9BA1 /* DiscorverTableViewController.swift */ = {isa = PBXFileReference; lastKnownFileType = sourcecode.swift; path = DiscorverTableViewController.swift; sourceTree = "<group>"; };
		B03CB5761F3D7D5B006BE735 /* AnyExtensions.swift */ = {isa = PBXFileReference; fileEncoding = 4; lastKnownFileType = sourcecode.swift; path = AnyExtensions.swift; sourceTree = "<group>"; };
		B03CB5771F3D7D5B006BE735 /* Configuration.swift */ = {isa = PBXFileReference; fileEncoding = 4; lastKnownFileType = sourcecode.swift; path = Configuration.swift; sourceTree = "<group>"; };
		B03CB5781F3D7D5B006BE735 /* CustomDateFormatTransform.swift */ = {isa = PBXFileReference; fileEncoding = 4; lastKnownFileType = sourcecode.swift; path = CustomDateFormatTransform.swift; sourceTree = "<group>"; };
		B03CB5791F3D7D5B006BE735 /* DataTransform.swift */ = {isa = PBXFileReference; fileEncoding = 4; lastKnownFileType = sourcecode.swift; path = DataTransform.swift; sourceTree = "<group>"; };
		B03CB57A1F3D7D5B006BE735 /* DateFormatterTransform.swift */ = {isa = PBXFileReference; fileEncoding = 4; lastKnownFileType = sourcecode.swift; path = DateFormatterTransform.swift; sourceTree = "<group>"; };
		B03CB57B1F3D7D5B006BE735 /* DateTransform.swift */ = {isa = PBXFileReference; fileEncoding = 4; lastKnownFileType = sourcecode.swift; path = DateTransform.swift; sourceTree = "<group>"; };
		B03CB57C1F3D7D5B006BE735 /* Deserializer.swift */ = {isa = PBXFileReference; fileEncoding = 4; lastKnownFileType = sourcecode.swift; path = Deserializer.swift; sourceTree = "<group>"; };
		B03CB57D1F3D7D5B006BE735 /* EnumTransform.swift */ = {isa = PBXFileReference; fileEncoding = 4; lastKnownFileType = sourcecode.swift; path = EnumTransform.swift; sourceTree = "<group>"; };
		B03CB57E1F3D7D5B006BE735 /* HandyJSON.h */ = {isa = PBXFileReference; fileEncoding = 4; lastKnownFileType = sourcecode.c.h; path = HandyJSON.h; sourceTree = "<group>"; };
		B03CB57F1F3D7D5B006BE735 /* HelpingMapper.swift */ = {isa = PBXFileReference; fileEncoding = 4; lastKnownFileType = sourcecode.swift; path = HelpingMapper.swift; sourceTree = "<group>"; };
		B03CB5801F3D7D5B006BE735 /* HexColorTransform.swift */ = {isa = PBXFileReference; fileEncoding = 4; lastKnownFileType = sourcecode.swift; path = HexColorTransform.swift; sourceTree = "<group>"; };
		B03CB5851F3D7D5B006BE735 /* ISO8601DateTransform.swift */ = {isa = PBXFileReference; fileEncoding = 4; lastKnownFileType = sourcecode.swift; path = ISO8601DateTransform.swift; sourceTree = "<group>"; };
		B03CB5861F3D7D5B006BE735 /* LICENSE */ = {isa = PBXFileReference; fileEncoding = 4; lastKnownFileType = text; path = LICENSE; sourceTree = "<group>"; };
		B03CB5871F3D7D5B006BE735 /* Logger.swift */ = {isa = PBXFileReference; fileEncoding = 4; lastKnownFileType = sourcecode.swift; path = Logger.swift; sourceTree = "<group>"; };
		B03CB5881F3D7D5B006BE735 /* Metadata.swift */ = {isa = PBXFileReference; fileEncoding = 4; lastKnownFileType = sourcecode.swift; path = Metadata.swift; sourceTree = "<group>"; };
		B03CB5891F3D7D5B006BE735 /* NominalType.swift */ = {isa = PBXFileReference; fileEncoding = 4; lastKnownFileType = sourcecode.swift; path = NominalType.swift; sourceTree = "<group>"; };
		B03CB58A1F3D7D5B006BE735 /* NSDecimalNumberTransform.swift */ = {isa = PBXFileReference; fileEncoding = 4; lastKnownFileType = sourcecode.swift; path = NSDecimalNumberTransform.swift; sourceTree = "<group>"; };
		B03CB58B1F3D7D5B006BE735 /* OtherExtension.swift */ = {isa = PBXFileReference; fileEncoding = 4; lastKnownFileType = sourcecode.swift; path = OtherExtension.swift; sourceTree = "<group>"; };
		B03CB58C1F3D7D5B006BE735 /* PointerType.swift */ = {isa = PBXFileReference; fileEncoding = 4; lastKnownFileType = sourcecode.swift; path = PointerType.swift; sourceTree = "<group>"; };
		B03CB58D1F3D7D5B006BE735 /* Properties.swift */ = {isa = PBXFileReference; fileEncoding = 4; lastKnownFileType = sourcecode.swift; path = Properties.swift; sourceTree = "<group>"; };
		B03CB58E1F3D7D5B006BE735 /* Protocol.swift */ = {isa = PBXFileReference; fileEncoding = 4; lastKnownFileType = sourcecode.swift; path = Protocol.swift; sourceTree = "<group>"; };
		B03CB58F1F3D7D5B006BE735 /* ReflectionHelper.swift */ = {isa = PBXFileReference; fileEncoding = 4; lastKnownFileType = sourcecode.swift; path = ReflectionHelper.swift; sourceTree = "<group>"; };
		B03CB5901F3D7D5B006BE735 /* Serializer+Legacy.swift */ = {isa = PBXFileReference; fileEncoding = 4; lastKnownFileType = sourcecode.swift; path = "Serializer+Legacy.swift"; sourceTree = "<group>"; };
		B03CB5911F3D7D5B006BE735 /* Serializer.swift */ = {isa = PBXFileReference; fileEncoding = 4; lastKnownFileType = sourcecode.swift; path = Serializer.swift; sourceTree = "<group>"; };
		B03CB5921F3D7D5B006BE735 /* TransformOf.swift */ = {isa = PBXFileReference; fileEncoding = 4; lastKnownFileType = sourcecode.swift; path = TransformOf.swift; sourceTree = "<group>"; };
		B03CB5931F3D7D5B006BE735 /* TransformType.swift */ = {isa = PBXFileReference; fileEncoding = 4; lastKnownFileType = sourcecode.swift; path = TransformType.swift; sourceTree = "<group>"; };
		B03CB5941F3D7D5B006BE735 /* URLTransform.swift */ = {isa = PBXFileReference; fileEncoding = 4; lastKnownFileType = sourcecode.swift; path = URLTransform.swift; sourceTree = "<group>"; };
		B0506B4A1F4588D50056B391 /* PopView.storyboard */ = {isa = PBXFileReference; lastKnownFileType = file.storyboard; path = PopView.storyboard; sourceTree = "<group>"; };
		B0506B4B1F4588D50056B391 /* PopView_ViewController.swift */ = {isa = PBXFileReference; lastKnownFileType = sourcecode.swift; path = PopView_ViewController.swift; sourceTree = "<group>"; };
		B0506B4C1F4588D50056B391 /* STPresentationController.swift */ = {isa = PBXFileReference; lastKnownFileType = sourcecode.swift; path = STPresentationController.swift; sourceTree = "<group>"; };
		B0506B4D1F4588D50056B391 /* STPresentManager.swift */ = {isa = PBXFileReference; lastKnownFileType = sourcecode.swift; path = STPresentManager.swift; sourceTree = "<group>"; };
		B0506B4F1F45890B0056B391 /* WB_Status.swift */ = {isa = PBXFileReference; lastKnownFileType = sourcecode.swift; path = WB_Status.swift; sourceTree = "<group>"; };
		B06FF0FE1F2A4146007D4198 /* UIBarButtonItem+Exten.swift */ = {isa = PBXFileReference; lastKnownFileType = sourcecode.swift; path = "UIBarButtonItem+Exten.swift"; sourceTree = "<group>"; };
		B06FF1001F2A4720007D4198 /* Title_Button.swift */ = {isa = PBXFileReference; lastKnownFileType = sourcecode.swift; path = Title_Button.swift; sourceTree = "<group>"; };
		B06FF1021F2A52D4007D4198 /* TableViewController+NavigationBar.swift */ = {isa = PBXFileReference; lastKnownFileType = sourcecode.swift; path = "TableViewController+NavigationBar.swift"; sourceTree = "<group>"; };
		B09117471F46CBB6009D895C /* NSDate+Extension.swift */ = {isa = PBXFileReference; lastKnownFileType = sourcecode.swift; path = "NSDate+Extension.swift"; sourceTree = "<group>"; };
		B0AE0BC61F3D4A5E00650DB7 /* WB_Common.swift */ = {isa = PBXFileReference; lastKnownFileType = sourcecode.swift; path = WB_Common.swift; sourceTree = "<group>"; };
		B0AE0BC81F3D4AFA00650DB7 /* Ouath.storyboard */ = {isa = PBXFileReference; lastKnownFileType = file.storyboard; path = Ouath.storyboard; sourceTree = "<group>"; };
		B0AE0BCA1F3D4B3400650DB7 /* WB_OuathViewController.swift */ = {isa = PBXFileReference; lastKnownFileType = sourcecode.swift; path = WB_OuathViewController.swift; sourceTree = "<group>"; };
		B0AE0BCC1F3D536200650DB7 /* WB_NetWorkTools.swift */ = {isa = PBXFileReference; lastKnownFileType = sourcecode.swift; path = WB_NetWorkTools.swift; sourceTree = "<group>"; };
		B0AE0BCE1F3D57CA00650DB7 /* UserAccount.swift */ = {isa = PBXFileReference; lastKnownFileType = sourcecode.swift; path = UserAccount.swift; sourceTree = "<group>"; };
		B0AE0CCA1F3D7E4000650DB7 /* Info-iOS.plist */ = {isa = PBXFileReference; lastKnownFileType = text.plist.xml; path = "Info-iOS.plist"; sourceTree = "<group>"; };
		B0CCF6141F28E8C7002A9515 /* UIButton+Extern.swift */ = {isa = PBXFileReference; lastKnownFileType = sourcecode.swift; path = "UIButton+Extern.swift"; sourceTree = "<group>"; };
		B0CCF6161F28ED9A002A9515 /* Main.storyboard */ = {isa = PBXFileReference; lastKnownFileType = file.storyboard; path = Main.storyboard; sourceTree = "<group>"; };
		B0CCF6181F28F012002A9515 /* home.storyboard */ = {isa = PBXFileReference; fileEncoding = 4; lastKnownFileType = file.storyboard; name = home.storyboard; path = iOS_WB/Class/Home/home.storyboard; sourceTree = SOURCE_ROOT; };
		B0CCF61A1F28F045002A9515 /* Messager.storyboard */ = {isa = PBXFileReference; fileEncoding = 4; lastKnownFileType = file.storyboard; name = Messager.storyboard; path = iOS_WB/Class/Messager/Messager.storyboard; sourceTree = SOURCE_ROOT; };
		B0CCF61C1F28F15E002A9515 /* Discorver.storyboard */ = {isa = PBXFileReference; fileEncoding = 4; lastKnownFileType = file.storyboard; name = Discorver.storyboard; path = iOS_WB/Class/Discorver/Discorver.storyboard; sourceTree = SOURCE_ROOT; };
		B0CCF61E1F28F171002A9515 /* Profile.storyboard */ = {isa = PBXFileReference; fileEncoding = 4; lastKnownFileType = file.storyboard; name = Profile.storyboard; path = iOS_WB/Class/Profile/Profile.storyboard; sourceTree = SOURCE_ROOT; };
		B0CCF6201F28F186002A9515 /* Null.storyboard */ = {isa = PBXFileReference; lastKnownFileType = file.storyboard; path = Null.storyboard; sourceTree = "<group>"; };
		B0CCF6231F28F3CF002A9515 /* Base_TableViewController.swift */ = {isa = PBXFileReference; lastKnownFileType = sourcecode.swift; path = Base_TableViewController.swift; sourceTree = "<group>"; };
		B0CCF6261F28F721002A9515 /* VisiterView.swift */ = {isa = PBXFileReference; lastKnownFileType = sourcecode.swift; path = VisiterView.swift; sourceTree = "<group>"; };
		B0CCF6281F28F739002A9515 /* VisiterView.xib */ = {isa = PBXFileReference; lastKnownFileType = file.xib; path = VisiterView.xib; sourceTree = "<group>"; };
		B0DDCC111F468E7900B29B8C /* Home_StatusCell.swift */ = {isa = PBXFileReference; lastKnownFileType = sourcecode.swift; path = Home_StatusCell.swift; sourceTree = "<group>"; };
		B0DE3BC01F453FED00AEB3D7 /* String+Extern.swift */ = {isa = PBXFileReference; lastKnownFileType = sourcecode.swift; path = "String+Extern.swift"; sourceTree = "<group>"; };
		B0EF01CC1F167F3E006BBF24 /* MainVCSettings.json */ = {isa = PBXFileReference; fileEncoding = 4; lastKnownFileType = text.json; path = MainVCSettings.json; sourceTree = "<group>"; };
		B0EF01CD1F167F3E006BBF24 /* NullViewController.swift */ = {isa = PBXFileReference; fileEncoding = 4; lastKnownFileType = sourcecode.swift; path = NullViewController.swift; sourceTree = "<group>"; };
		E988EBB233336ECD5587986A /* Pods-iOS_WB.debug.xcconfig */ = {isa = PBXFileReference; includeInIndex = 1; lastKnownFileType = text.xcconfig; name = "Pods-iOS_WB.debug.xcconfig"; path = "Pods/Target Support Files/Pods-iOS_WB/Pods-iOS_WB.debug.xcconfig"; sourceTree = "<group>"; };
		FD47FCD1AFB065955E746795 /* Pods-iOS_WB.release.xcconfig */ = {isa = PBXFileReference; includeInIndex = 1; lastKnownFileType = text.xcconfig; name = "Pods-iOS_WB.release.xcconfig"; path = "Pods/Target Support Files/Pods-iOS_WB/Pods-iOS_WB.release.xcconfig"; sourceTree = "<group>"; };
/* End PBXFileReference section */

/* Begin PBXFrameworksBuildPhase section */
		B02CD5AD1F13D1C400EE9BA1 /* Frameworks */ = {
			isa = PBXFrameworksBuildPhase;
			buildActionMask = 2147483647;
			files = (
				AE424FF339BF63EF200112C1 /* Pods_iOS_WB.framework in Frameworks */,
			);
			runOnlyForDeploymentPostprocessing = 0;
		};
		B02CD5C11F13D1C400EE9BA1 /* Frameworks */ = {
			isa = PBXFrameworksBuildPhase;
			buildActionMask = 2147483647;
			files = (
			);
			runOnlyForDeploymentPostprocessing = 0;
		};
		B02CD5CC1F13D1C400EE9BA1 /* Frameworks */ = {
			isa = PBXFrameworksBuildPhase;
			buildActionMask = 2147483647;
			files = (
			);
			runOnlyForDeploymentPostprocessing = 0;
		};
/* End PBXFrameworksBuildPhase section */

/* Begin PBXGroup section */
		0392F8A84C02DE7D6E14B0B8 /* Frameworks */ = {
			isa = PBXGroup;
			children = (
				05C91ECE9364BBA2145B2588 /* Pods_iOS_WB.framework */,
			);
			name = Frameworks;
			sourceTree = "<group>";
		};
		74D0CC9592B14F7D60F8C672 /* Pods */ = {
			isa = PBXGroup;
			children = (
				E988EBB233336ECD5587986A /* Pods-iOS_WB.debug.xcconfig */,
				FD47FCD1AFB065955E746795 /* Pods-iOS_WB.release.xcconfig */,
			);
			name = Pods;
			sourceTree = "<group>";
		};
		B02CD5A71F13D1C400EE9BA1 = {
			isa = PBXGroup;
			children = (
				B02CD5B21F13D1C400EE9BA1 /* iOS_WB */,
				B02CD5C71F13D1C400EE9BA1 /* iOS_WBTests */,
				B02CD5D21F13D1C400EE9BA1 /* iOS_WBUITests */,
				B02CD5B11F13D1C400EE9BA1 /* Products */,
				74D0CC9592B14F7D60F8C672 /* Pods */,
				0392F8A84C02DE7D6E14B0B8 /* Frameworks */,
			);
			sourceTree = "<group>";
		};
		B02CD5B11F13D1C400EE9BA1 /* Products */ = {
			isa = PBXGroup;
			children = (
				B02CD5B01F13D1C400EE9BA1 /* iOS_WB.app */,
				B02CD5C41F13D1C400EE9BA1 /* iOS_WBTests.xctest */,
				B02CD5CF1F13D1C400EE9BA1 /* iOS_WBUITests.xctest */,
			);
			name = Products;
			sourceTree = "<group>";
		};
		B02CD5B21F13D1C400EE9BA1 /* iOS_WB */ = {
			isa = PBXGroup;
			children = (
				B0AE0BA51F3D464300650DB7 /* Global */,
				B0AE0BA41F3D460C00650DB7 /* Manager */,
				B0AE0BA31F3D460500650DB7 /* Libs */,
				B02CD5E11F13DFD400EE9BA1 /* Class */,
				B02CD5B31F13D1C400EE9BA1 /* AppDelegate.swift */,
				B02CD5BA1F13D1C400EE9BA1 /* Assets.xcassets */,
				B02CD5BF1F13D1C400EE9BA1 /* Info.plist */,
			);
			path = iOS_WB;
			sourceTree = "<group>";
		};
		B02CD5C71F13D1C400EE9BA1 /* iOS_WBTests */ = {
			isa = PBXGroup;
			children = (
				B02CD5C81F13D1C400EE9BA1 /* iOS_WBTests.swift */,
				B02CD5CA1F13D1C400EE9BA1 /* Info.plist */,
			);
			path = iOS_WBTests;
			sourceTree = "<group>";
		};
		B02CD5D21F13D1C400EE9BA1 /* iOS_WBUITests */ = {
			isa = PBXGroup;
			children = (
				B02CD5D31F13D1C400EE9BA1 /* iOS_WBUITests.swift */,
				B02CD5D51F13D1C400EE9BA1 /* Info.plist */,
			);
			path = iOS_WBUITests;
			sourceTree = "<group>";
		};
		B02CD5E11F13DFD400EE9BA1 /* Class */ = {
			isa = PBXGroup;
			children = (
				B0AE0B9D1F3D44A900650DB7 /* Ouath */,
				B02CD5E31F13DFD400EE9BA1 /* Discorver */,
				B02CD5E41F13DFD400EE9BA1 /* Home */,
				B02CD5E51F13DFD400EE9BA1 /* Main */,
				B0CCF6161F28ED9A002A9515 /* Main.storyboard */,
				B02CD5E61F13DFD400EE9BA1 /* Messager */,
				B02CD5E71F13DFD400EE9BA1 /* Profile */,
				B02CD5E81F13DFD400EE9BA1 /* Tools */,
			);
			path = Class;
			sourceTree = "<group>";
		};
		B02CD5E31F13DFD400EE9BA1 /* Discorver */ = {
			isa = PBXGroup;
			children = (
				B0CCF61C1F28F15E002A9515 /* Discorver.storyboard */,
				B02CD5F11F13E0A600EE9BA1 /* DiscorverTableViewController.swift */,
			);
			path = Discorver;
			sourceTree = "<group>";
		};
		B02CD5E41F13DFD400EE9BA1 /* Home */ = {
			isa = PBXGroup;
			children = (
				B0DDCC101F468E6200B29B8C /* View */,
				B0506B4E1F4588E40056B391 /* Model */,
				B0506B491F4588D50056B391 /* PopView */,
				B0CCF6181F28F012002A9515 /* home.storyboard */,
				B02CD5EB1F13E06900EE9BA1 /* HomeTableViewController.swift */,
			);
			path = Home;
			sourceTree = "<group>";
		};
		B02CD5E51F13DFD400EE9BA1 /* Main */ = {
			isa = PBXGroup;
			children = (
				B0CCF6251F28F70F002A9515 /* View */,
				B0CCF6221F28F3B8002A9515 /* BaseVC */,
				B0EF01CB1F167F3E006BBF24 /* Resource */,
				B02CD5E91F13E04B00EE9BA1 /* MainTabBarViewController.swift */,
			);
			path = Main;
			sourceTree = "<group>";
		};
		B02CD5E61F13DFD400EE9BA1 /* Messager */ = {
			isa = PBXGroup;
			children = (
				B0CCF61A1F28F045002A9515 /* Messager.storyboard */,
				B02CD5ED1F13E07B00EE9BA1 /* MessageTableViewController.swift */,
			);
			path = Messager;
			sourceTree = "<group>";
		};
		B02CD5E71F13DFD400EE9BA1 /* Profile */ = {
			isa = PBXGroup;
			children = (
				B0CCF61E1F28F171002A9515 /* Profile.storyboard */,
				B02CD5EF1F13E08900EE9BA1 /* ProfileTableViewController.swift */,
			);
			path = Profile;
			sourceTree = "<group>";
		};
		B02CD5E81F13DFD400EE9BA1 /* Tools */ = {
			isa = PBXGroup;
			children = (
				B0CCF6141F28E8C7002A9515 /* UIButton+Extern.swift */,
				B06FF0FE1F2A4146007D4198 /* UIBarButtonItem+Exten.swift */,
				B06FF1001F2A4720007D4198 /* Title_Button.swift */,
				B06FF1021F2A52D4007D4198 /* TableViewController+NavigationBar.swift */,
				B0DE3BC01F453FED00AEB3D7 /* String+Extern.swift */,
				B09117471F46CBB6009D895C /* NSDate+Extension.swift */,
			);
			path = Tools;
			sourceTree = "<group>";
		};
		B03CB5751F3D7D5B006BE735 /* Source */ = {
			isa = PBXGroup;
			children = (
				B03CB5761F3D7D5B006BE735 /* AnyExtensions.swift */,
				B03CB5771F3D7D5B006BE735 /* Configuration.swift */,
				B03CB5781F3D7D5B006BE735 /* CustomDateFormatTransform.swift */,
				B03CB5791F3D7D5B006BE735 /* DataTransform.swift */,
				B03CB57A1F3D7D5B006BE735 /* DateFormatterTransform.swift */,
				B03CB57B1F3D7D5B006BE735 /* DateTransform.swift */,
				B03CB57C1F3D7D5B006BE735 /* Deserializer.swift */,
				B03CB57D1F3D7D5B006BE735 /* EnumTransform.swift */,
				B03CB57E1F3D7D5B006BE735 /* HandyJSON.h */,
				B03CB57F1F3D7D5B006BE735 /* HelpingMapper.swift */,
				B03CB5801F3D7D5B006BE735 /* HexColorTransform.swift */,
				B03CB5851F3D7D5B006BE735 /* ISO8601DateTransform.swift */,
				B03CB5861F3D7D5B006BE735 /* LICENSE */,
				B03CB5871F3D7D5B006BE735 /* Logger.swift */,
				B03CB5881F3D7D5B006BE735 /* Metadata.swift */,
				B03CB5891F3D7D5B006BE735 /* NominalType.swift */,
				B03CB58A1F3D7D5B006BE735 /* NSDecimalNumberTransform.swift */,
				B03CB58B1F3D7D5B006BE735 /* OtherExtension.swift */,
				B03CB58C1F3D7D5B006BE735 /* PointerType.swift */,
				B03CB58D1F3D7D5B006BE735 /* Properties.swift */,
				B03CB58E1F3D7D5B006BE735 /* Protocol.swift */,
				B03CB58F1F3D7D5B006BE735 /* ReflectionHelper.swift */,
				B03CB5901F3D7D5B006BE735 /* Serializer+Legacy.swift */,
				B03CB5911F3D7D5B006BE735 /* Serializer.swift */,
				B03CB5921F3D7D5B006BE735 /* TransformOf.swift */,
				B03CB5931F3D7D5B006BE735 /* TransformType.swift */,
				B03CB5941F3D7D5B006BE735 /* URLTransform.swift */,
				B0AE0CCA1F3D7E4000650DB7 /* Info-iOS.plist */,
			);
			path = Source;
			sourceTree = "<group>";
		};
		B0506B491F4588D50056B391 /* PopView */ = {
			isa = PBXGroup;
			children = (
				B0506B4A1F4588D50056B391 /* PopView.storyboard */,
				B0506B4B1F4588D50056B391 /* PopView_ViewController.swift */,
				B0506B4C1F4588D50056B391 /* STPresentationController.swift */,
				B0506B4D1F4588D50056B391 /* STPresentManager.swift */,
			);
			path = PopView;
			sourceTree = "<group>";
		};
		B0506B4E1F4588E40056B391 /* Model */ = {
			isa = PBXGroup;
			children = (
				B0506B4F1F45890B0056B391 /* WB_Status.swift */,
			);
			path = Model;
			sourceTree = "<group>";
		};
		B0AE0B9D1F3D44A900650DB7 /* Ouath */ = {
			isa = PBXGroup;
			children = (
				B0AE0B9E1F3D44A900650DB7 /* ViewController */,
			);
			path = Ouath;
			sourceTree = "<group>";
		};
		B0AE0B9E1F3D44A900650DB7 /* ViewController */ = {
			isa = PBXGroup;
			children = (
				B0AE0BC81F3D4AFA00650DB7 /* Ouath.storyboard */,
				B0AE0BCA1F3D4B3400650DB7 /* WB_OuathViewController.swift */,
				B0AE0BCE1F3D57CA00650DB7 /* UserAccount.swift */,
			);
			path = ViewController;
			sourceTree = "<group>";
		};
		B0AE0BA31F3D460500650DB7 /* Libs */ = {
			isa = PBXGroup;
			children = (
				B03CB5751F3D7D5B006BE735 /* Source */,
			);
			path = Libs;
			sourceTree = "<group>";
		};
		B0AE0BA41F3D460C00650DB7 /* Manager */ = {
			isa = PBXGroup;
			children = (
				B0AE0BCC1F3D536200650DB7 /* WB_NetWorkTools.swift */,
			);
			path = Manager;
			sourceTree = "<group>";
		};
		B0AE0BA51F3D464300650DB7 /* Global */ = {
			isa = PBXGroup;
			children = (
				B0AE0BC61F3D4A5E00650DB7 /* WB_Common.swift */,
			);
			path = Global;
			sourceTree = "<group>";
		};
		B0CCF6221F28F3B8002A9515 /* BaseVC */ = {
			isa = PBXGroup;
			children = (
				B0CCF6231F28F3CF002A9515 /* Base_TableViewController.swift */,
			);
			path = BaseVC;
			sourceTree = "<group>";
		};
		B0CCF6251F28F70F002A9515 /* View */ = {
			isa = PBXGroup;
			children = (
				B0CCF6261F28F721002A9515 /* VisiterView.swift */,
				B0CCF6281F28F739002A9515 /* VisiterView.xib */,
			);
			path = View;
			sourceTree = "<group>";
		};
		B0DDCC101F468E6200B29B8C /* View */ = {
			isa = PBXGroup;
			children = (
				B0DDCC111F468E7900B29B8C /* Home_StatusCell.swift */,
			);
			path = View;
			sourceTree = "<group>";
		};
		B0EF01CB1F167F3E006BBF24 /* Resource */ = {
			isa = PBXGroup;
			children = (
				B0EF01CC1F167F3E006BBF24 /* MainVCSettings.json */,
				B0EF01CD1F167F3E006BBF24 /* NullViewController.swift */,
				B0CCF6201F28F186002A9515 /* Null.storyboard */,
			);
			name = Resource;
			path = "../../../../../../../Swift/Swift项目 资料和代码/1201/备课代码-Storyboard/05-NJWB-动态加载控制器/NJWB/Classes/Main/Resource";
			sourceTree = "<group>";
		};
/* End PBXGroup section */

/* Begin PBXNativeTarget section */
		B02CD5AF1F13D1C400EE9BA1 /* iOS_WB */ = {
			isa = PBXNativeTarget;
			buildConfigurationList = B02CD5D81F13D1C400EE9BA1 /* Build configuration list for PBXNativeTarget "iOS_WB" */;
			buildPhases = (
				27D2F3E74CF1B760E79D0986 /* [CP] Check Pods Manifest.lock */,
				B02CD5AC1F13D1C400EE9BA1 /* Sources */,
				B02CD5AD1F13D1C400EE9BA1 /* Frameworks */,
				B02CD5AE1F13D1C400EE9BA1 /* Resources */,
				56D9BA9BE828568C62032810 /* [CP] Embed Pods Frameworks */,
				4A2233474C59CF55095BD3E2 /* [CP] Copy Pods Resources */,
			);
			buildRules = (
			);
			dependencies = (
			);
			name = iOS_WB;
			productName = iOS_WB;
			productReference = B02CD5B01F13D1C400EE9BA1 /* iOS_WB.app */;
			productType = "com.apple.product-type.application";
		};
		B02CD5C31F13D1C400EE9BA1 /* iOS_WBTests */ = {
			isa = PBXNativeTarget;
			buildConfigurationList = B02CD5DB1F13D1C400EE9BA1 /* Build configuration list for PBXNativeTarget "iOS_WBTests" */;
			buildPhases = (
				B02CD5C01F13D1C400EE9BA1 /* Sources */,
				B02CD5C11F13D1C400EE9BA1 /* Frameworks */,
				B02CD5C21F13D1C400EE9BA1 /* Resources */,
			);
			buildRules = (
			);
			dependencies = (
				B02CD5C61F13D1C400EE9BA1 /* PBXTargetDependency */,
			);
			name = iOS_WBTests;
			productName = iOS_WBTests;
			productReference = B02CD5C41F13D1C400EE9BA1 /* iOS_WBTests.xctest */;
			productType = "com.apple.product-type.bundle.unit-test";
		};
		B02CD5CE1F13D1C400EE9BA1 /* iOS_WBUITests */ = {
			isa = PBXNativeTarget;
			buildConfigurationList = B02CD5DE1F13D1C400EE9BA1 /* Build configuration list for PBXNativeTarget "iOS_WBUITests" */;
			buildPhases = (
				B02CD5CB1F13D1C400EE9BA1 /* Sources */,
				B02CD5CC1F13D1C400EE9BA1 /* Frameworks */,
				B02CD5CD1F13D1C400EE9BA1 /* Resources */,
			);
			buildRules = (
			);
			dependencies = (
				B02CD5D11F13D1C400EE9BA1 /* PBXTargetDependency */,
			);
			name = iOS_WBUITests;
			productName = iOS_WBUITests;
			productReference = B02CD5CF1F13D1C400EE9BA1 /* iOS_WBUITests.xctest */;
			productType = "com.apple.product-type.bundle.ui-testing";
		};
/* End PBXNativeTarget section */

/* Begin PBXProject section */
		B02CD5A81F13D1C400EE9BA1 /* Project object */ = {
			isa = PBXProject;
			attributes = {
				LastSwiftUpdateCheck = 0900;
				LastUpgradeCheck = 0900;
				ORGANIZATIONNAME = STT;
				TargetAttributes = {
					B02CD5AF1F13D1C400EE9BA1 = {
						CreatedOnToolsVersion = 9.0;
					};
					B02CD5C31F13D1C400EE9BA1 = {
						CreatedOnToolsVersion = 9.0;
						TestTargetID = B02CD5AF1F13D1C400EE9BA1;
					};
					B02CD5CE1F13D1C400EE9BA1 = {
						CreatedOnToolsVersion = 9.0;
						TestTargetID = B02CD5AF1F13D1C400EE9BA1;
					};
				};
			};
			buildConfigurationList = B02CD5AB1F13D1C400EE9BA1 /* Build configuration list for PBXProject "iOS_WB" */;
			compatibilityVersion = "Xcode 8.0";
			developmentRegion = en;
			hasScannedForEncodings = 0;
			knownRegions = (
				en,
				Base,
			);
			mainGroup = B02CD5A71F13D1C400EE9BA1;
			productRefGroup = B02CD5B11F13D1C400EE9BA1 /* Products */;
			projectDirPath = "";
			projectRoot = "";
			targets = (
				B02CD5AF1F13D1C400EE9BA1 /* iOS_WB */,
				B02CD5C31F13D1C400EE9BA1 /* iOS_WBTests */,
				B02CD5CE1F13D1C400EE9BA1 /* iOS_WBUITests */,
			);
		};
/* End PBXProject section */

/* Begin PBXResourcesBuildPhase section */
		B02CD5AE1F13D1C400EE9BA1 /* Resources */ = {
			isa = PBXResourcesBuildPhase;
			buildActionMask = 2147483647;
			files = (
				B02C63611F458F3300533679 /* PopView.storyboard in Resources */,
				B0CCF6171F28ED9B002A9515 /* Main.storyboard in Resources */,
				B0AE0BC91F3D4AFA00650DB7 /* Ouath.storyboard in Resources */,
				B0CCF6211F28F186002A9515 /* Null.storyboard in Resources */,
				B0CCF6291F28F739002A9515 /* VisiterView.xib in Resources */,
				B0CCF61B1F28F045002A9515 /* Messager.storyboard in Resources */,
				B0CCF61D1F28F15E002A9515 /* Discorver.storyboard in Resources */,
				B03CB5A41F3D7D5B006BE735 /* LICENSE in Resources */,
				B0EF01CE1F167F3E006BBF24 /* MainVCSettings.json in Resources */,
				B02CD5BB1F13D1C400EE9BA1 /* Assets.xcassets in Resources */,
				B0CCF61F1F28F171002A9515 /* Profile.storyboard in Resources */,
				B0CCF6191F28F012002A9515 /* home.storyboard in Resources */,
			);
			runOnlyForDeploymentPostprocessing = 0;
		};
		B02CD5C21F13D1C400EE9BA1 /* Resources */ = {
			isa = PBXResourcesBuildPhase;
			buildActionMask = 2147483647;
			files = (
			);
			runOnlyForDeploymentPostprocessing = 0;
		};
		B02CD5CD1F13D1C400EE9BA1 /* Resources */ = {
			isa = PBXResourcesBuildPhase;
			buildActionMask = 2147483647;
			files = (
			);
			runOnlyForDeploymentPostprocessing = 0;
		};
/* End PBXResourcesBuildPhase section */

/* Begin PBXShellScriptBuildPhase section */
		27D2F3E74CF1B760E79D0986 /* [CP] Check Pods Manifest.lock */ = {
			isa = PBXShellScriptBuildPhase;
			buildActionMask = 2147483647;
			files = (
			);
			inputPaths = (
			);
			name = "[CP] Check Pods Manifest.lock";
			outputPaths = (
			);
			runOnlyForDeploymentPostprocessing = 0;
			shellPath = /bin/sh;
			shellScript = "diff \"${PODS_PODFILE_DIR_PATH}/Podfile.lock\" \"${PODS_ROOT}/Manifest.lock\" > /dev/null\nif [ $? != 0 ] ; then\n    # print error to STDERR\n    echo \"error: The sandbox is not in sync with the Podfile.lock. Run 'pod install' or update your CocoaPods installation.\" >&2\n    exit 1\nfi\n";
			showEnvVarsInLog = 0;
		};
		4A2233474C59CF55095BD3E2 /* [CP] Copy Pods Resources */ = {
			isa = PBXShellScriptBuildPhase;
			buildActionMask = 2147483647;
			files = (
			);
			inputPaths = (
			);
			name = "[CP] Copy Pods Resources";
			outputPaths = (
			);
			runOnlyForDeploymentPostprocessing = 0;
			shellPath = /bin/sh;
			shellScript = "\"${SRCROOT}/Pods/Target Support Files/Pods-iOS_WB/Pods-iOS_WB-resources.sh\"\n";
			showEnvVarsInLog = 0;
		};
		56D9BA9BE828568C62032810 /* [CP] Embed Pods Frameworks */ = {
			isa = PBXShellScriptBuildPhase;
			buildActionMask = 2147483647;
			files = (
			);
			inputPaths = (
			);
			name = "[CP] Embed Pods Frameworks";
			outputPaths = (
			);
			runOnlyForDeploymentPostprocessing = 0;
			shellPath = /bin/sh;
			shellScript = "\"${SRCROOT}/Pods/Target Support Files/Pods-iOS_WB/Pods-iOS_WB-frameworks.sh\"\n";
			showEnvVarsInLog = 0;
		};
/* End PBXShellScriptBuildPhase section */

/* Begin PBXSourcesBuildPhase section */
		B02CD5AC1F13D1C400EE9BA1 /* Sources */ = {
			isa = PBXSourcesBuildPhase;
			buildActionMask = 2147483647;
			files = (
				B02C635E1F458F2B00533679 /* PopView_ViewController.swift in Sources */,
				B02C635F1F458F2B00533679 /* STPresentationController.swift in Sources */,
				B02C63601F458F2B00533679 /* STPresentManager.swift in Sources */,
				B0AE0BC71F3D4A5E00650DB7 /* WB_Common.swift in Sources */,
				B03CB5A31F3D7D5B006BE735 /* ISO8601DateTransform.swift in Sources */,
				B03CB5A91F3D7D5B006BE735 /* OtherExtension.swift in Sources */,
				B03CB5951F3D7D5B006BE735 /* AnyExtensions.swift in Sources */,
				B03CB5AB1F3D7D5B006BE735 /* Properties.swift in Sources */,
				B02CD5EC1F13E06900EE9BA1 /* HomeTableViewController.swift in Sources */,
				B02CD5F01F13E08900EE9BA1 /* ProfileTableViewController.swift in Sources */,
				B03CB5981F3D7D5B006BE735 /* DataTransform.swift in Sources */,
				B02CD5B41F13D1C400EE9BA1 /* AppDelegate.swift in Sources */,
				B03CB5A61F3D7D5B006BE735 /* Metadata.swift in Sources */,
				B09117481F46CBB6009D895C /* NSDate+Extension.swift in Sources */,
				B03CB5A71F3D7D5B006BE735 /* NominalType.swift in Sources */,
				B03CB5A51F3D7D5B006BE735 /* Logger.swift in Sources */,
				B03CB59A1F3D7D5B006BE735 /* DateTransform.swift in Sources */,
				B0AE0BCF1F3D57CA00650DB7 /* UserAccount.swift in Sources */,
				B03CB5AC1F3D7D5B006BE735 /* Protocol.swift in Sources */,
				B06FF0FF1F2A4146007D4198 /* UIBarButtonItem+Exten.swift in Sources */,
				B03CB5961F3D7D5B006BE735 /* Configuration.swift in Sources */,
				B03CB5B21F3D7D5B006BE735 /* URLTransform.swift in Sources */,
				B03CB5AD1F3D7D5B006BE735 /* ReflectionHelper.swift in Sources */,
				B0CCF6151F28E8C7002A9515 /* UIButton+Extern.swift in Sources */,
				B0CCF6241F28F3CF002A9515 /* Base_TableViewController.swift in Sources */,
				B03CB5AE1F3D7D5B006BE735 /* Serializer+Legacy.swift in Sources */,
				B03CB5971F3D7D5B006BE735 /* CustomDateFormatTransform.swift in Sources */,
				B03CB59B1F3D7D5B006BE735 /* Deserializer.swift in Sources */,
				B02CD5EE1F13E07B00EE9BA1 /* MessageTableViewController.swift in Sources */,
				B03CB59E1F3D7D5B006BE735 /* HexColorTransform.swift in Sources */,
				B0AE0BCB1F3D4B3400650DB7 /* WB_OuathViewController.swift in Sources */,
				B03CB59D1F3D7D5B006BE735 /* HelpingMapper.swift in Sources */,
				B03CB59C1F3D7D5B006BE735 /* EnumTransform.swift in Sources */,
				B03CB5B01F3D7D5B006BE735 /* TransformOf.swift in Sources */,
				B03CB5AF1F3D7D5B006BE735 /* Serializer.swift in Sources */,
				B02CD5EA1F13E04B00EE9BA1 /* MainTabBarViewController.swift in Sources */,
				B03CB5AA1F3D7D5B006BE735 /* PointerType.swift in Sources */,
				B0CCF6271F28F721002A9515 /* VisiterView.swift in Sources */,
				B03CB5B11F3D7D5B006BE735 /* TransformType.swift in Sources */,
				B0DE3BC11F453FED00AEB3D7 /* String+Extern.swift in Sources */,
				B03CB5991F3D7D5B006BE735 /* DateFormatterTransform.swift in Sources */,
				B03CB5A81F3D7D5B006BE735 /* NSDecimalNumberTransform.swift in Sources */,
				B0506B501F45890B0056B391 /* WB_Status.swift in Sources */,
				B02CD5F21F13E0A600EE9BA1 /* DiscorverTableViewController.swift in Sources */,
				B06FF1031F2A52D4007D4198 /* TableViewController+NavigationBar.swift in Sources */,
				B0DDCC121F468E7900B29B8C /* Home_StatusCell.swift in Sources */,
				B0AE0BCD1F3D536200650DB7 /* WB_NetWorkTools.swift in Sources */,
				B06FF1011F2A4720007D4198 /* Title_Button.swift in Sources */,
				B0EF01CF1F167F3E006BBF24 /* NullViewController.swift in Sources */,
			);
			runOnlyForDeploymentPostprocessing = 0;
		};
		B02CD5C01F13D1C400EE9BA1 /* Sources */ = {
			isa = PBXSourcesBuildPhase;
			buildActionMask = 2147483647;
			files = (
				B02CD5C91F13D1C400EE9BA1 /* iOS_WBTests.swift in Sources */,
			);
			runOnlyForDeploymentPostprocessing = 0;
		};
		B02CD5CB1F13D1C400EE9BA1 /* Sources */ = {
			isa = PBXSourcesBuildPhase;
			buildActionMask = 2147483647;
			files = (
				B02CD5D41F13D1C400EE9BA1 /* iOS_WBUITests.swift in Sources */,
			);
			runOnlyForDeploymentPostprocessing = 0;
		};
/* End PBXSourcesBuildPhase section */

/* Begin PBXTargetDependency section */
		B02CD5C61F13D1C400EE9BA1 /* PBXTargetDependency */ = {
			isa = PBXTargetDependency;
			target = B02CD5AF1F13D1C400EE9BA1 /* iOS_WB */;
			targetProxy = B02CD5C51F13D1C400EE9BA1 /* PBXContainerItemProxy */;
		};
		B02CD5D11F13D1C400EE9BA1 /* PBXTargetDependency */ = {
			isa = PBXTargetDependency;
			target = B02CD5AF1F13D1C400EE9BA1 /* iOS_WB */;
			targetProxy = B02CD5D01F13D1C400EE9BA1 /* PBXContainerItemProxy */;
		};
/* End PBXTargetDependency section */

/* Begin XCBuildConfiguration section */
		B02CD5D61F13D1C400EE9BA1 /* Debug */ = {
			isa = XCBuildConfiguration;
			buildSettings = {
				ALWAYS_SEARCH_USER_PATHS = NO;
				CLANG_ANALYZER_NONNULL = YES;
				CLANG_ANALYZER_NUMBER_OBJECT_CONVERSION = YES_AGGRESSIVE;
				CLANG_CXX_LANGUAGE_STANDARD = "gnu++14";
				CLANG_CXX_LIBRARY = "libc++";
				CLANG_ENABLE_MODULES = YES;
				CLANG_ENABLE_OBJC_ARC = YES;
				CLANG_WARN_BLOCK_CAPTURE_AUTORELEASING = YES;
				CLANG_WARN_BOOL_CONVERSION = YES;
				CLANG_WARN_COMMA = YES;
				CLANG_WARN_CONSTANT_CONVERSION = YES;
				CLANG_WARN_DIRECT_OBJC_ISA_USAGE = YES_ERROR;
				CLANG_WARN_DOCUMENTATION_COMMENTS = YES;
				CLANG_WARN_EMPTY_BODY = YES;
				CLANG_WARN_ENUM_CONVERSION = YES;
				CLANG_WARN_INFINITE_RECURSION = YES;
				CLANG_WARN_INT_CONVERSION = YES;
				CLANG_WARN_OBJC_ROOT_CLASS = YES_ERROR;
				CLANG_WARN_RANGE_LOOP_ANALYSIS = YES;
				CLANG_WARN_STRICT_PROTOTYPES = YES;
				CLANG_WARN_SUSPICIOUS_MOVE = YES;
				CLANG_WARN_UNGUARDED_AVAILABILITY = YES_AGGRESSIVE;
				CLANG_WARN_UNREACHABLE_CODE = YES;
				CLANG_WARN__DUPLICATE_METHOD_MATCH = YES;
				CODE_SIGN_IDENTITY = "iPhone Developer";
				COPY_PHASE_STRIP = NO;
				DEBUG_INFORMATION_FORMAT = dwarf;
				ENABLE_STRICT_OBJC_MSGSEND = YES;
				ENABLE_TESTABILITY = YES;
				GCC_C_LANGUAGE_STANDARD = gnu11;
				GCC_DYNAMIC_NO_PIC = NO;
				GCC_NO_COMMON_BLOCKS = YES;
				GCC_OPTIMIZATION_LEVEL = 0;
				GCC_PREPROCESSOR_DEFINITIONS = (
					"DEBUG=1",
					"$(inherited)",
				);
				GCC_WARN_64_TO_32_BIT_CONVERSION = YES;
				GCC_WARN_ABOUT_RETURN_TYPE = YES_ERROR;
				GCC_WARN_UNDECLARED_SELECTOR = YES;
				GCC_WARN_UNINITIALIZED_AUTOS = YES_AGGRESSIVE;
				GCC_WARN_UNUSED_FUNCTION = YES;
				GCC_WARN_UNUSED_VARIABLE = YES;
				IPHONEOS_DEPLOYMENT_TARGET = 11.0;
				MTL_ENABLE_DEBUG_INFO = YES;
				ONLY_ACTIVE_ARCH = YES;
				SDKROOT = iphoneos;
				SWIFT_ACTIVE_COMPILATION_CONDITIONS = DEBUG;
				SWIFT_OPTIMIZATION_LEVEL = "-Onone";
			};
			name = Debug;
		};
		B02CD5D71F13D1C400EE9BA1 /* Release */ = {
			isa = XCBuildConfiguration;
			buildSettings = {
				ALWAYS_SEARCH_USER_PATHS = NO;
				CLANG_ANALYZER_NONNULL = YES;
				CLANG_ANALYZER_NUMBER_OBJECT_CONVERSION = YES_AGGRESSIVE;
				CLANG_CXX_LANGUAGE_STANDARD = "gnu++14";
				CLANG_CXX_LIBRARY = "libc++";
				CLANG_ENABLE_MODULES = YES;
				CLANG_ENABLE_OBJC_ARC = YES;
				CLANG_WARN_BLOCK_CAPTURE_AUTORELEASING = YES;
				CLANG_WARN_BOOL_CONVERSION = YES;
				CLANG_WARN_COMMA = YES;
				CLANG_WARN_CONSTANT_CONVERSION = YES;
				CLANG_WARN_DIRECT_OBJC_ISA_USAGE = YES_ERROR;
				CLANG_WARN_DOCUMENTATION_COMMENTS = YES;
				CLANG_WARN_EMPTY_BODY = YES;
				CLANG_WARN_ENUM_CONVERSION = YES;
				CLANG_WARN_INFINITE_RECURSION = YES;
				CLANG_WARN_INT_CONVERSION = YES;
				CLANG_WARN_OBJC_ROOT_CLASS = YES_ERROR;
				CLANG_WARN_RANGE_LOOP_ANALYSIS = YES;
				CLANG_WARN_STRICT_PROTOTYPES = YES;
				CLANG_WARN_SUSPICIOUS_MOVE = YES;
				CLANG_WARN_UNGUARDED_AVAILABILITY = YES_AGGRESSIVE;
				CLANG_WARN_UNREACHABLE_CODE = YES;
				CLANG_WARN__DUPLICATE_METHOD_MATCH = YES;
				CODE_SIGN_IDENTITY = "iPhone Developer";
				COPY_PHASE_STRIP = NO;
				DEBUG_INFORMATION_FORMAT = "dwarf-with-dsym";
				ENABLE_NS_ASSERTIONS = NO;
				ENABLE_STRICT_OBJC_MSGSEND = YES;
				GCC_C_LANGUAGE_STANDARD = gnu11;
				GCC_NO_COMMON_BLOCKS = YES;
				GCC_WARN_64_TO_32_BIT_CONVERSION = YES;
				GCC_WARN_ABOUT_RETURN_TYPE = YES_ERROR;
				GCC_WARN_UNDECLARED_SELECTOR = YES;
				GCC_WARN_UNINITIALIZED_AUTOS = YES_AGGRESSIVE;
				GCC_WARN_UNUSED_FUNCTION = YES;
				GCC_WARN_UNUSED_VARIABLE = YES;
				IPHONEOS_DEPLOYMENT_TARGET = 11.0;
				MTL_ENABLE_DEBUG_INFO = NO;
				SDKROOT = iphoneos;
				SWIFT_OPTIMIZATION_LEVEL = "-Owholemodule";
				VALIDATE_PRODUCT = YES;
			};
			name = Release;
		};
		B02CD5D91F13D1C400EE9BA1 /* Debug */ = {
			isa = XCBuildConfiguration;
			baseConfigurationReference = E988EBB233336ECD5587986A /* Pods-iOS_WB.debug.xcconfig */;
			buildSettings = {
				ASSETCATALOG_COMPILER_APPICON_NAME = AppIcon;
				ASSETCATALOG_COMPILER_LAUNCHIMAGE_NAME = LaunchImage;
				DEVELOPMENT_TEAM = E7MQZZ7HXL;
				INFOPLIST_FILE = iOS_WB/Info.plist;
				IPHONEOS_DEPLOYMENT_TARGET = 9.0;
				LD_RUNPATH_SEARCH_PATHS = "$(inherited) @executable_path/Frameworks";
				PRODUCT_BUNDLE_IDENTIFIER = "alpha.com.etiaolong.iOS-WB";
				PRODUCT_NAME = "$(TARGET_NAME)";
				SWIFT_ACTIVE_COMPILATION_CONDITIONS = DEBUG;
				SWIFT_VERSION = 4.0;
				TARGETED_DEVICE_FAMILY = 1;
			};
			name = Debug;
		};
		B02CD5DA1F13D1C400EE9BA1 /* Release */ = {
			isa = XCBuildConfiguration;
			baseConfigurationReference = FD47FCD1AFB065955E746795 /* Pods-iOS_WB.release.xcconfig */;
			buildSettings = {
				ASSETCATALOG_COMPILER_APPICON_NAME = AppIcon;
				ASSETCATALOG_COMPILER_LAUNCHIMAGE_NAME = LaunchImage;
				DEVELOPMENT_TEAM = E7MQZZ7HXL;
				INFOPLIST_FILE = iOS_WB/Info.plist;
				IPHONEOS_DEPLOYMENT_TARGET = 9.0;
				LD_RUNPATH_SEARCH_PATHS = "$(inherited) @executable_path/Frameworks";
				PRODUCT_BUNDLE_IDENTIFIER = "alpha.com.etiaolong.iOS-WB";
				PRODUCT_NAME = "$(TARGET_NAME)";
				SWIFT_VERSION = 4.0;
				TARGETED_DEVICE_FAMILY = 1;
			};
			name = Release;
		};
		B02CD5DC1F13D1C400EE9BA1 /* Debug */ = {
			isa = XCBuildConfiguration;
			buildSettings = {
				ALWAYS_EMBED_SWIFT_STANDARD_LIBRARIES = YES;
				BUNDLE_LOADER = "$(TEST_HOST)";
				INFOPLIST_FILE = iOS_WBTests/Info.plist;
				LD_RUNPATH_SEARCH_PATHS = "$(inherited) @executable_path/Frameworks @loader_path/Frameworks";
				PRODUCT_BUNDLE_IDENTIFIER = "alpha.com.etiaolong.iOS-WBTests";
				PRODUCT_NAME = "$(TARGET_NAME)";
				SWIFT_VERSION = 4.0;
				TARGETED_DEVICE_FAMILY = "1,2";
				TEST_HOST = "$(BUILT_PRODUCTS_DIR)/iOS_WB.app/iOS_WB";
			};
			name = Debug;
		};
		B02CD5DD1F13D1C400EE9BA1 /* Release */ = {
			isa = XCBuildConfiguration;
			buildSettings = {
				ALWAYS_EMBED_SWIFT_STANDARD_LIBRARIES = YES;
				BUNDLE_LOADER = "$(TEST_HOST)";
				INFOPLIST_FILE = iOS_WBTests/Info.plist;
				LD_RUNPATH_SEARCH_PATHS = "$(inherited) @executable_path/Frameworks @loader_path/Frameworks";
				PRODUCT_BUNDLE_IDENTIFIER = "alpha.com.etiaolong.iOS-WBTests";
				PRODUCT_NAME = "$(TARGET_NAME)";
				SWIFT_VERSION = 4.0;
				TARGETED_DEVICE_FAMILY = "1,2";
				TEST_HOST = "$(BUILT_PRODUCTS_DIR)/iOS_WB.app/iOS_WB";
			};
			name = Release;
		};
		B02CD5DF1F13D1C400EE9BA1 /* Debug */ = {
			isa = XCBuildConfiguration;
			buildSettings = {
				ALWAYS_EMBED_SWIFT_STANDARD_LIBRARIES = YES;
				INFOPLIST_FILE = iOS_WBUITests/Info.plist;
				LD_RUNPATH_SEARCH_PATHS = "$(inherited) @executable_path/Frameworks @loader_path/Frameworks";
				PRODUCT_BUNDLE_IDENTIFIER = "alpha.com.etiaolong.iOS-WBUITests";
				PRODUCT_NAME = "$(TARGET_NAME)";
				SWIFT_VERSION = 4.0;
				TARGETED_DEVICE_FAMILY = "1,2";
				TEST_TARGET_NAME = iOS_WB;
			};
			name = Debug;
		};
		B02CD5E01F13D1C400EE9BA1 /* Release */ = {
			isa = XCBuildConfiguration;
			buildSettings = {
				ALWAYS_EMBED_SWIFT_STANDARD_LIBRARIES = YES;
				INFOPLIST_FILE = iOS_WBUITests/Info.plist;
				LD_RUNPATH_SEARCH_PATHS = "$(inherited) @executable_path/Frameworks @loader_path/Frameworks";
				PRODUCT_BUNDLE_IDENTIFIER = "alpha.com.etiaolong.iOS-WBUITests";
				PRODUCT_NAME = "$(TARGET_NAME)";
				SWIFT_VERSION = 4.0;
				TARGETED_DEVICE_FAMILY = "1,2";
				TEST_TARGET_NAME = iOS_WB;
			};
			name = Release;
		};
/* End XCBuildConfiguration section */

/* Begin XCConfigurationList section */
		B02CD5AB1F13D1C400EE9BA1 /* Build configuration list for PBXProject "iOS_WB" */ = {
			isa = XCConfigurationList;
			buildConfigurations = (
				B02CD5D61F13D1C400EE9BA1 /* Debug */,
				B02CD5D71F13D1C400EE9BA1 /* Release */,
			);
			defaultConfigurationIsVisible = 0;
			defaultConfigurationName = Release;
		};
		B02CD5D81F13D1C400EE9BA1 /* Build configuration list for PBXNativeTarget "iOS_WB" */ = {
			isa = XCConfigurationList;
			buildConfigurations = (
				B02CD5D91F13D1C400EE9BA1 /* Debug */,
				B02CD5DA1F13D1C400EE9BA1 /* Release */,
			);
			defaultConfigurationIsVisible = 0;
			defaultConfigurationName = Release;
		};
		B02CD5DB1F13D1C400EE9BA1 /* Build configuration list for PBXNativeTarget "iOS_WBTests" */ = {
			isa = XCConfigurationList;
			buildConfigurations = (
				B02CD5DC1F13D1C400EE9BA1 /* Debug */,
				B02CD5DD1F13D1C400EE9BA1 /* Release */,
			);
			defaultConfigurationIsVisible = 0;
			defaultConfigurationName = Release;
		};
		B02CD5DE1F13D1C400EE9BA1 /* Build configuration list for PBXNativeTarget "iOS_WBUITests" */ = {
			isa = XCConfigurationList;
			buildConfigurations = (
				B02CD5DF1F13D1C400EE9BA1 /* Debug */,
				B02CD5E01F13D1C400EE9BA1 /* Release */,
			);
			defaultConfigurationIsVisible = 0;
			defaultConfigurationName = Release;
		};
/* End XCConfigurationList section */
	};
	rootObject = B02CD5A81F13D1C400EE9BA1 /* Project object */;
}
